# This file is automatically @generated by Cargo.
# It is not intended for manual editing.
version = 4

[[package]]
name = "advanced_features"
version = "0.1.0"

[[package]]
name = "basics"
version = "0.1.0"

[[package]]
name = "basics_runner"
version = "0.1.0"
dependencies = [
 "basics",
]

[[package]]
name = "collections"
version = "0.1.0"

[[package]]
name = "error_handling"
version = "0.1.0"

[[package]]
name = "ownership"
version = "0.1.0"
